
Microsoft Visual Studio Solution File, Format Version 12.00
# Visual Studio Version 17
VisualStudioVersion = 17.14.36414.22 d17.14
MinimumVisualStudioVersion = 10.0.40219.1
Project("{888888A0-9F3D-457C-B088-3A5042F75D52}") = "Track_1_r-CNN", "Track_1_r-CNN\Track_1_r-CNN.pyproj", "{EC12201B-DA40-4858-A238-D703315F565B}"
EndProject
Global
	GlobalSection(SolutionConfigurationPlatforms) = preSolution
		Debug|Any CPU = Debug|Any CPU
		Release|Any CPU = Release|Any CPU
	EndGlobalSection
	GlobalSection(ProjectConfigurationPlatforms) = postSolution
		{EC12201B-DA40-4858-A238-D703315F565B}.Debug|Any CPU.ActiveCfg = Debug|Any CPU
		{EC12201B-DA40-4858-A238-D703315F565B}.Release|Any CPU.ActiveCfg = Release|Any CPU
	EndGlobalSection
	GlobalSection(SolutionProperties) = preSolution
		HideSolutionNode = FALSE
	EndGlobalSection
	GlobalSection(ExtensibilityGlobals) = postSolution
		SolutionGuid = {54E00BF8-9A40-4735-9CF3-A2BCBA9F49EB}
	EndGlobalSection
EndGlobal
